{
  "name": "bna",
  "version": "2.0.6",
  "lockfileVersion": 1,
  "requires": true,
  "dependencies": {
    "abbrev": {
      "version": "1.0.9",
      "resolved": "https://registry.npmjs.org/abbrev/-/abbrev-1.0.9.tgz",
      "integrity": "sha1-kbR5JYinc4wl813W9jdSovh3YTU=",
      "dev": true
    },
    "acorn": {
      "version": "3.2.0",
      "resolved": "https://registry.npmjs.org/acorn/-/acorn-3.2.0.tgz",
      "integrity": "sha1-eoKYnvbwY6I3q6uvjfINKWUYS58="
    },
    "acorn-jsx": {
      "version": "3.0.1",
      "resolved": "https://registry.npmjs.org/acorn-jsx/-/acorn-jsx-3.0.1.tgz",
      "integrity": "sha1-r9+UiPsezvyDSPb7IvRk4ypYs2s=",
      "requires": {
        "acorn": "^3.0.4"
      }
    },
    "async": {
      "version": "0.2.5",
      "resolved": "https://registry.npmjs.org/async/-/async-0.2.5.tgz",
      "integrity": "sha1-RfBdpIB0m6TB3NjNOjdHrns2/lI="
    },
    "balanced-match": {
      "version": "0.4.2",
      "resolved": "https://registry.npmjs.org/balanced-match/-/balanced-match-0.4.2.tgz",
      "integrity": "sha1-yz8+PHMtwPAe5wtAPzAuYddwmDg="
    },
    "brace-expansion": {
      "version": "1.1.6",
      "resolved": "https://registry.npmjs.org/brace-expansion/-/brace-expansion-1.1.6.tgz",
      "integrity": "sha1-cZfX6qm4fmSDkOph/GbIRCdCDfk=",
      "requires": {
        "balanced-match": "^0.4.1",
        "concat-map": "0.0.1"
      }
    },
    "buffer-equal": {
      "version": "0.0.2",
      "resolved": "https://registry.npmjs.org/buffer-equal/-/buffer-equal-0.0.2.tgz",
      "integrity": "sha1-7Lt5D1aNQAmKYkK1SAXHWAXrk48=",
      "dev": true
    },
    "bunker": {
      "version": "0.1.2",
      "resolved": "https://registry.npmjs.org/bunker/-/bunker-0.1.2.tgz",
      "integrity": "sha1-yImSRkqOKm7ehpMDdfkrWAd++Xw=",
      "dev": true,
      "requires": {
        "burrito": ">=0.2.5 <0.3"
      }
    },
    "burrito": {
      "version": "0.2.12",
      "resolved": "https://registry.npmjs.org/burrito/-/burrito-0.2.12.tgz",
      "integrity": "sha1-0NbmrIHV6ZeJxvpKzLCwAx6lT2s=",
      "dev": true,
      "requires": {
        "traverse": "~0.5.1",
        "uglify-js": "~1.1.1"
      },
      "dependencies": {
        "traverse": {
          "version": "0.5.2",
          "resolved": "https://registry.npmjs.org/traverse/-/traverse-0.5.2.tgz",
          "integrity": "sha1-4gPFjV9/DjfbbnTArLkpuwm2HYU=",
          "dev": true
        }
      }
    },
    "charm": {
      "version": "0.1.2",
      "resolved": "https://registry.npmjs.org/charm/-/charm-0.1.2.tgz",
      "integrity": "sha1-BsIe7RobBq62dVPNxT4jJ0usIpY=",
      "dev": true
    },
    "colors": {
      "version": "1.0.3",
      "resolved": "https://registry.npmjs.org/colors/-/colors-1.0.3.tgz",
      "integrity": "sha1-BDP0TYCWgP3rYO0mDxsMJi6CpAs="
    },
    "concat-map": {
      "version": "0.0.1",
      "resolved": "https://registry.npmjs.org/concat-map/-/concat-map-0.0.1.tgz",
      "integrity": "sha1-2Klr13/Wjfd5OnMDajug1UBdR3s="
    },
    "deep-equal": {
      "version": "1.0.1",
      "resolved": "https://registry.npmjs.org/deep-equal/-/deep-equal-1.0.1.tgz",
      "integrity": "sha1-9dJgKStmDghO/0zbyfCK0yR0SLU=",
      "dev": true
    },
    "deep-is": {
      "version": "0.1.3",
      "resolved": "https://registry.npmjs.org/deep-is/-/deep-is-0.1.3.tgz",
      "integrity": "sha1-s2nW+128E+7PUk+RsHD+7cNXzzQ=",
      "dev": true
    },
    "difflet": {
      "version": "0.2.6",
      "resolved": "https://registry.npmjs.org/difflet/-/difflet-0.2.6.tgz",
      "integrity": "sha1-qyOzH1ZJtvqo49KsvTNEZzZcpvo=",
      "dev": true,
      "requires": {
        "charm": "0.1.x",
        "deep-is": "0.1.x",
        "traverse": "0.6.x"
      }
    },
    "fs.realpath": {
      "version": "1.0.0",
      "resolved": "https://registry.npmjs.org/fs.realpath/-/fs.realpath-1.0.0.tgz",
      "integrity": "sha1-FQStJSMVjKpA20onh8sBQRmU6k8="
    },
    "fstream": {
      "version": "1.0.10",
      "resolved": "https://registry.npmjs.org/fstream/-/fstream-1.0.10.tgz",
      "integrity": "sha1-YE6Kkv4m/9n2+uMDmdSYThqyKCI=",
      "requires": {
        "graceful-fs": "^4.1.2",
        "inherits": "~2.0.0",
        "mkdirp": ">=0.5 0",
        "rimraf": "2"
      }
    },
    "fstream-ignore": {
      "version": "1.0.5",
      "resolved": "https://registry.npmjs.org/fstream-ignore/-/fstream-ignore-1.0.5.tgz",
      "integrity": "sha1-nDHa40dnAY/h0kmyTa2mfQktoQU=",
      "requires": {
        "fstream": "^1.0.0",
        "inherits": "2",
        "minimatch": "^3.0.0"
      }
    },
    "fstream-npm": {
      "version": "1.1.0",
      "resolved": "https://registry.npmjs.org/fstream-npm/-/fstream-npm-1.1.0.tgz",
      "integrity": "sha1-gOCXQ0heqnDVfonR/4+vo2bN7+o=",
      "requires": {
        "fstream-ignore": "^1.0.0",
        "inherits": "2"
      }
    },
    "glob": {
      "version": "7.0.5",
      "resolved": "https://registry.npmjs.org/glob/-/glob-7.0.5.tgz",
      "integrity": "sha1-tCAqaQmbu00pKnwblbZoK2fr3JU=",
      "requires": {
        "fs.realpath": "^1.0.0",
        "inflight": "^1.0.4",
        "inherits": "2",
        "minimatch": "^3.0.2",
        "once": "^1.3.0",
        "path-is-absolute": "^1.0.0"
      }
    },
    "graceful-fs": {
      "version": "4.1.5",
      "resolved": "https://registry.npmjs.org/graceful-fs/-/graceful-fs-4.1.5.tgz",
      "integrity": "sha1-9HRejK7V4N0u8hu14tIpoy6Ak8A="
    },
    "inflight": {
      "version": "1.0.5",
      "resolved": "https://registry.npmjs.org/inflight/-/inflight-1.0.5.tgz",
      "integrity": "sha1-2zIEzVqd4ubNiQuFxuL2a89PYgo=",
      "requires": {
        "once": "^1.3.0",
        "wrappy": "1"
      }
    },
    "inherits": {
      "version": "2.0.1",
      "resolved": "https://registry.npmjs.org/inherits/-/inherits-2.0.1.tgz",
      "integrity": "sha1-sX0I0ya0Qj5Wjv9xn5GwscvfafE="
    },
    "lawg": {
      "version": "1.0.3",
      "resolved": "http://registry.npmjs.org/lawg/-/lawg-1.0.3.tgz",
      "integrity": "sha1-iur+HcLEF0WQAjyHaEQqWQSRvyE="
    },
    "minimatch": {
      "version": "3.0.2",
      "resolved": "https://registry.npmjs.org/minimatch/-/minimatch-3.0.2.tgz",
      "integrity": "sha1-DzmKcwDqRB6cNIyD2Yq4ydv5xAo=",
      "requires": {
        "brace-expansion": "^1.0.0"
      }
    },
    "minimist": {
      "version": "0.0.8",
      "resolved": "https://registry.npmjs.org/minimist/-/minimist-0.0.8.tgz",
      "integrity": "sha1-hX/Kv8M5fSYluCKCYuhqp6ARsF0="
    },
    "mkdirp": {
      "version": "0.5.1",
      "resolved": "https://registry.npmjs.org/mkdirp/-/mkdirp-0.5.1.tgz",
      "integrity": "sha1-MAV0OOrGz3+MR2fzhkjWaX11yQM=",
      "requires": {
        "minimist": "0.0.8"
      }
    },
    "nodeunit": {
      "version": "0.9.1",
      "resolved": "https://registry.npmjs.org/nodeunit/-/nodeunit-0.9.1.tgz",
      "integrity": "sha1-5VPdQdh2lALDuasy0OculmhAUTk=",
      "dev": true,
      "requires": {
        "tap": "^0.7.1"
      }
    },
    "nopt": {
      "version": "3.0.6",
      "resolved": "https://registry.npmjs.org/nopt/-/nopt-3.0.6.tgz",
      "integrity": "sha1-xkZdvwirzU2zWTF/eaxopkayj/k=",
      "dev": true,
      "requires": {
        "abbrev": "1"
      }
    },
    "once": {
      "version": "1.3.3",
      "resolved": "https://registry.npmjs.org/once/-/once-1.3.3.tgz",
      "integrity": "sha1-suJhVXzkwxTsgwTz+oJmPkKXyiA=",
      "requires": {
        "wrappy": "1"
      }
    },
    "optimist": {
      "version": "0.3.5",
      "resolved": "https://registry.npmjs.org/optimist/-/optimist-0.3.5.tgz",
      "integrity": "sha1-A2VLUkFwMDEtEJ85sVmCW2AwkwQ=",
      "requires": {
        "wordwrap": "~0.0.2"
      }
    },
    "path-is-absolute": {
      "version": "1.0.0",
      "resolved": "https://registry.npmjs.org/path-is-absolute/-/path-is-absolute-1.0.0.tgz",
      "integrity": "sha1-Jj2tpmqz8vsQv3+dJN2PPlcO+RI="
    },
    "resolve": {
      "version": "1.1.7",
      "resolved": "https://registry.npmjs.org/resolve/-/resolve-1.1.7.tgz",
      "integrity": "sha1-IDEU2CrSxe2ejgQRs5ModeiJ6Xs="
    },
    "rimraf": {
      "version": "2.5.4",
      "resolved": "https://registry.npmjs.org/rimraf/-/rimraf-2.5.4.tgz",
      "integrity": "sha1-loAAk8vxoMhr2VtGJUZ1NcKd+gQ=",
      "requires": {
        "glob": "^7.0.5"
      }
    },
    "runforcover": {
      "version": "0.0.2",
      "resolved": "https://registry.npmjs.org/runforcover/-/runforcover-0.0.2.tgz",
      "integrity": "sha1-NE8FfY1F0zrrxsyCIEZ49pxIV8w=",
      "dev": true,
      "requires": {
        "bunker": "0.1.X"
      }
    },
    "semver": {
      "version": "4.1.0",
      "resolved": "https://registry.npmjs.org/semver/-/semver-4.1.0.tgz",
      "integrity": "sha1-vICp/2hTKBQ2LMPP2jx7de2cMhw="
    },
    "slide": {
      "version": "1.1.6",
      "resolved": "https://registry.npmjs.org/slide/-/slide-1.1.6.tgz",
      "integrity": "sha1-VusCfWW00tzmyy4tMsTUr8nh1wc=",
      "dev": true
    },
    "source-map": {
      "version": "0.5.6",
      "resolved": "https://registry.npmjs.org/source-map/-/source-map-0.5.6.tgz",
      "integrity": "sha1-dc449SvwczxafwwRjYEzSiu19BI="
    },
    "source-map-support": {
      "version": "git+https://github.com/mhzed/node-source-map-support.git#bedce70a873cabc126a091fa74db07aaf55f19a2",
      "from": "git+https://github.com/mhzed/node-source-map-support.git",
      "dev": true,
      "requires": {
        "source-map": "^0.5.6"
      }
    },
    "tap": {
      "version": "0.7.1",
      "resolved": "https://registry.npmjs.org/tap/-/tap-0.7.1.tgz",
      "integrity": "sha1-vq1RNs6rgkHhsozsZjgRxjsfPn0=",
      "dev": true,
      "requires": {
        "buffer-equal": "~0.0.0",
        "deep-equal": "^1.0.0",
        "difflet": "~0.2.0",
        "glob": "^4.3.5",
        "inherits": "*",
        "mkdirp": "^0.5.0",
        "nopt": "^3.0.1",
        "runforcover": "~0.0.2",
        "slide": "*",
        "yamlish": "*"
      },
      "dependencies": {
        "glob": {
          "version": "4.5.3",
          "resolved": "https://registry.npmjs.org/glob/-/glob-4.5.3.tgz",
          "integrity": "sha1-xstz0yJsHv7wTePFbQEvAzd+4V8=",
          "dev": true,
          "requires": {
            "inflight": "^1.0.4",
            "inherits": "2",
            "minimatch": "^2.0.1",
            "once": "^1.3.0"
          }
        },
        "minimatch": {
          "version": "2.0.10",
          "resolved": "https://registry.npmjs.org/minimatch/-/minimatch-2.0.10.tgz",
          "integrity": "sha1-jQh8OcazjAAbl/ynzm0OHoCvusc=",
          "dev": true,
          "requires": {
            "brace-expansion": "^1.0.0"
          }
        }
      }
    },
    "traverse": {
      "version": "0.6.6",
      "resolved": "https://registry.npmjs.org/traverse/-/traverse-0.6.6.tgz",
      "integrity": "sha1-y99WD9e5r2MlAv7UD5GMFX6pcTc=",
      "dev": true
    },
    "uglify-js": {
      "version": "1.1.1",
      "resolved": "https://registry.npmjs.org/uglify-js/-/uglify-js-1.1.1.tgz",
      "integrity": "sha1-7nGpfEzv0GoamyBDfzQRiYKqA1s=",
      "dev": true
    },
    "underscore": {
      "version": "1.8.3",
      "resolved": "https://registry.npmjs.org/underscore/-/underscore-1.8.3.tgz",
      "integrity": "sha1-Tz+1OxBuYJf8+ctBCfKl6b36UCI="
    },
    "wordwrap": {
      "version": "0.0.3",
      "resolved": "https://registry.npmjs.org/wordwrap/-/wordwrap-0.0.3.tgz",
      "integrity": "sha1-o9XabNXAvAAI03I0u68b7WMFkQc="
    },
    "wrappy": {
      "version": "1.0.2",
      "resolved": "https://registry.npmjs.org/wrappy/-/wrappy-1.0.2.tgz",
      "integrity": "sha1-tSQ9jz7BqjXxNkYFvA0QNuMKtp8="
    },
    "wrench": {
      "version": "1.4.4",
      "resolved": "https://registry.npmjs.org/wrench/-/wrench-1.4.4.tgz",
      "integrity": "sha1-f1I+/bcbAQDnfc6DTAZSPL49VOA="
    },
    "yamlish": {
      "version": "0.0.7",
      "resolved": "https://registry.npmjs.org/yamlish/-/yamlish-0.0.7.tgz",
      "integrity": "sha1-tK+aHcxjYYhzw9bkUewyE8OaV/s=",
      "dev": true
    }
  }
}
